// !$*UTF8*$!
{
	archiveVersion = 1;
	classes = {
	};
	objectVersion = 46;
	objects = {

/* Begin PBXBuildFile section */
		887C1A191DCFC5FE008DC4F1 /* AppDelegate.swift in Sources */ = {isa = PBXBuildFile; fileRef = 887C1A181DCFC5FE008DC4F1 /* AppDelegate.swift */; };
		887C1A1B1DCFC5FE008DC4F1 /* ViewController.swift in Sources */ = {isa = PBXBuildFile; fileRef = 887C1A1A1DCFC5FE008DC4F1 /* ViewController.swift */; };
		887C1A1E1DCFC5FE008DC4F1 /* Main.storyboard in Resources */ = {isa = PBXBuildFile; fileRef = 887C1A1C1DCFC5FE008DC4F1 /* Main.storyboard */; };
		887C1A211DCFC5FE008DC4F1 /* DojoMaps.xcdatamodeld in Sources */ = {isa = PBXBuildFile; fileRef = 887C1A1F1DCFC5FE008DC4F1 /* DojoMaps.xcdatamodeld */; };
		887C1A231DCFC5FE008DC4F1 /* Assets.xcassets in Resources */ = {isa = PBXBuildFile; fileRef = 887C1A221DCFC5FE008DC4F1 /* Assets.xcassets */; };
		887C1A261DCFC5FE008DC4F1 /* LaunchScreen.storyboard in Resources */ = {isa = PBXBuildFile; fileRef = 887C1A241DCFC5FE008DC4F1 /* LaunchScreen.storyboard */; };
/* End PBXBuildFile section */

/* Begin PBXFileReference section */
		887C1A151DCFC5FE008DC4F1 /* DojoMaps.app */ = {isa = PBXFileReference; explicitFileType = wrapper.application; includeInIndex = 0; path = DojoMaps.app; sourceTree = BUILT_PRODUCTS_DIR; };
		887C1A181DCFC5FE008DC4F1 /* AppDelegate.swift */ = {isa = PBXFileReference; lastKnownFileType = sourcecode.swift; path = AppDelegate.swift; sourceTree = "<group>"; };
		887C1A1A1DCFC5FE008DC4F1 /* ViewController.swift */ = {isa = PBXFileReference; lastKnownFileType = sourcecode.swift; path = ViewController.swift; sourceTree = "<group>"; };
		887C1A1D1DCFC5FE008DC4F1 /* Base */ = {isa = PBXFileReference; lastKnownFileType = file.storyboard; name = Base; path = Base.lproj/Main.storyboard; sourceTree = "<group>"; };
		887C1A201DCFC5FE008DC4F1 /* DojoMaps.xcdatamodel */ = {isa = PBXFileReference; lastKnownFileType = wrapper.xcdatamodel; path = DojoMaps.xcdatamodel; sourceTree = "<group>"; };
		887C1A221DCFC5FE008DC4F1 /* Assets.xcassets */ = {isa = PBXFileReference; lastKnownFileType = folder.assetcatalog; path = Assets.xcassets; sourceTree = "<group>"; };
		887C1A251DCFC5FE008DC4F1 /* Base */ = {isa = PBXFileReference; lastKnownFileType = file.storyboard; name = Base; path = Base.lproj/LaunchScreen.storyboard; sourceTree = "<group>"; };
		887C1A271DCFC5FE008DC4F1 /* Info.plist */ = {isa = PBXFileReference; lastKnownFileType = text.plist.xml; path = Info.plist; sourceTree = "<group>"; };
		887C1A301DCFCB5F008DC4F1 /* MapKit.framework */ = {isa = PBXFileReference; lastKnownFileType = wrapper.framework; name = MapKit.framework; path = System/Library/Frameworks/MapKit.framework; sourceTree = SDKROOT; };
/* End PBXFileReference section */

/* Begin PBXFrameworksBuildPhase section */
		887C1A121DCFC5FE008DC4F1 /* Frameworks */ = {
			isa = PBXFrameworksBuildPhase;
			buildActionMask = 2147483647;
			files = (
			);
			runOnlyForDeploymentPostprocessing = 0;
		};
/* End PBXFrameworksBuildPhase section */

/* Begin PBXGroup section */
		887C1A0C1DCFC5FE008DC4F1 = {
			isa = PBXGroup;
			children = (
				887C1A171DCFC5FE008DC4F1 /* DojoMaps */,
				887C1A161DCFC5FE008DC4F1 /* Products */,
				887C1A2F1DCFCB5F008DC4F1 /* Frameworks */,
			);
			sourceTree = "<group>";
		};
		887C1A161DCFC5FE008DC4F1 /* Products */ = {
			isa = PBXGroup;
			children = (
				887C1A151DCFC5FE008DC4F1 /* DojoMaps.app */,
			);
			name = Products;
			sourceTree = "<group>";
		};
		887C1A171DCFC5FE008DC4F1 /* DojoMaps */ = {
			isa = PBXGroup;
			children = (
				887C1A181DCFC5FE008DC4F1 /* AppDelegate.swift */,
				887C1A1A1DCFC5FE008DC4F1 /* ViewController.swift */,
				887C1A1C1DCFC5FE008DC4F1 /* Main.storyboard */,
				887C1A221DCFC5FE008DC4F1 /* Assets.xcassets */,
				887C1A241DCFC5FE008DC4F1 /* LaunchScreen.storyboard */,
				887C1A271DCFC5FE008DC4F1 /* Info.plist */,
				887C1A1F1DCFC5FE008DC4F1 /* DojoMaps.xcdatamodeld */,
			);
			path = DojoMaps;
			sourceTree = "<group>";
		};
		887C1A2F1DCFCB5F008DC4F1 /* Frameworks */ = {
			isa = PBXGroup;
			children = (
				887C1A301DCFCB5F008DC4F1 /* MapKit.framework */,
			);
			name = Frameworks;
			sourceTree = "<group>";
		};
/* End PBXGroup section */

/* Begin PBXNativeTarget section */
		887C1A141DCFC5FE008DC4F1 /* DojoMaps */ = {
			isa = PBXNativeTarget;
			buildConfigurationList = 887C1A2A1DCFC5FE008DC4F1 /* Build configuration list for PBXNativeTarget "DojoMaps" */;
			buildPhases = (
				887C1A111DCFC5FE008DC4F1 /* Sources */,
				887C1A121DCFC5FE008DC4F1 /* Frameworks */,
				887C1A131DCFC5FE008DC4F1 /* Resources */,
			);
			buildRules = (
			);
			dependencies = (
			);
			name = DojoMaps;
			productName = DojoMaps;
			productReference = 887C1A151DCFC5FE008DC4F1 /* DojoMaps.app */;
			productType = "com.apple.product-type.application";
		};
/* End PBXNativeTarget section */

/* Begin PBXProject section */
		887C1A0D1DCFC5FE008DC4F1 /* Project object */ = {
			isa = PBXProject;
			attributes = {
				LastSwiftUpdateCheck = 0810;
				LastUpgradeCheck = 0810;
				ORGANIZATIONNAME = codingdojo;
				TargetAttributes = {
					887C1A141DCFC5FE008DC4F1 = {
						CreatedOnToolsVersion = 8.1;
						ProvisioningStyle = Automatic;
					};
				};
			};
			buildConfigurationList = 887C1A101DCFC5FE008DC4F1 /* Build configuration list for PBXProject "DojoMaps" */;
			compatibilityVersion = "Xcode 3.2";
			developmentRegion = English;
			hasScannedForEncodings = 0;
			knownRegions = (
				en,
				Base,
			);
			mainGroup = 887C1A0C1DCFC5FE008DC4F1;
			productRefGroup = 887C1A161DCFC5FE008DC4F1 /* Products */;
			projectDirPath = "";
			projectRoot = "";
			targets = (
				887C1A141DCFC5FE008DC4F1 /* DojoMaps */,
			);
		};
/* End PBXProject section */

/* Begin PBXResourcesBuildPhase section */
		887C1A131DCFC5FE008DC4F1 /* Resources */ = {
			isa = PBXResourcesBuildPhase;
			buildActionMask = 2147483647;
			files = (
				887C1A261DCFC5FE008DC4F1 /* LaunchScreen.storyboard in Resources */,
				887C1A231DCFC5FE008DC4F1 /* Assets.xcassets in Resources */,
				887C1A1E1DCFC5FE008DC4F1 /* Main.storyboard in Resources */,
			);
			runOnlyForDeploymentPostprocessing = 0;
		};
/* End PBXResourcesBuildPhase section */

/* Begin PBXSourcesBuildPhase section */
		887C1A111DCFC5FE008DC4F1 /* Sources */ = {
			isa = PBXSourcesBuildPhase;
			buildActionMask = 2147483647;
			files = (
				887C1A1B1DCFC5FE008DC4F1 /* ViewController.swift in Sources */,
				887C1A211DCFC5FE008DC4F1 /* DojoMaps.xcdatamodeld in Sources */,
				887C1A191DCFC5FE008DC4F1 /* AppDelegate.swift in Sources */,
			);
			runOnlyForDeploymentPostprocessing = 0;
		};
/* End PBXSourcesBuildPhase section */

/* Begin PBXVariantGroup section */
		887C1A1C1DCFC5FE008DC4F1 /* Main.storyboard */ = {
			isa = PBXVariantGroup;
			children = (
				887C1A1D1DCFC5FE008DC4F1 /* Base */,
			);
			name = Main.storyboard;
			sourceTree = "<group>";
		};
		887C1A241DCFC5FE008DC4F1 /* LaunchScreen.storyboard */ = {
			isa = PBXVariantGroup;
			children = (
				887C1A251DCFC5FE008DC4F1 /* Base */,
			);
			name = LaunchScreen.storyboard;
			sourceTree = "<group>";
		};
/* End PBXVariantGroup section */

/* Begin XCBuildConfiguration section */
		887C1A281DCFC5FE008DC4F1 /* Debug */ = {
			isa = XCBuildConfiguration;
			buildSettings = {
				ALWAYS_SEARCH_USER_PATHS = NO;
				CLANG_ANALYZER_NONNULL = YES;
				CLANG_CXX_LANGUAGE_STANDARD = "gnu++0x";
				CLANG_CXX_LIBRARY = "libc++";
				CLANG_ENABLE_MODULES = YES;
				CLANG_ENABLE_OBJC_ARC = YES;
				CLANG_WARN_BOOL_CONVERSION = YES;
				CLANG_WARN_CONSTANT_CONVERSION = YES;
				CLANG_WARN_DIRECT_OBJC_ISA_USAGE = YES_ERROR;
				CLANG_WARN_DOCUMENTATION_COMMENTS = YES;
				CLANG_WARN_EMPTY_BODY = YES;
				CLANG_WARN_ENUM_CONVERSION = YES;
				CLANG_WARN_INFINITE_RECURSION = YES;
				CLANG_WARN_INT_CONVERSION = YES;
				CLANG_WARN_OBJC_ROOT_CLASS = YES_ERROR;
				CLANG_WARN_SUSPICIOUS_MOVES = YES;
				CLANG_WARN_UNREACHABLE_CODE = YES;
				CLANG_WARN__DUPLICATE_METHOD_MATCH = YES;
				"CODE_SIGN_IDENTITY[sdk=iphoneos*]" = "iPhone Developer";
				COPY_PHASE_STRIP = NO;
				DEBUG_INFORMATION_FORMAT = dwarf;
				ENABLE_STRICT_OBJC_MSGSEND = YES;
				ENABLE_TESTABILITY = YES;
				GCC_C_LANGUAGE_STANDARD = gnu99;
				GCC_DYNAMIC_NO_PIC = NO;
				GCC_NO_COMMON_BLOCKS = YES;
				GCC_OPTIMIZATION_LEVEL = 0;
				GCC_PREPROCESSOR_DEFINITIONS = (
					"DEBUG=1",
					"$(inherited)",
				);
				GCC_WARN_64_TO_32_BIT_CONVERSION = YES;
				GCC_WARN_ABOUT_RETURN_TYPE = YES_ERROR;
				GCC_WARN_UNDECLARED_SELECTOR = YES;
				GCC_WARN_UNINITIALIZED_AUTOS = YES_AGGRESSIVE;
				GCC_WARN_UNUSED_FUNCTION = YES;
				GCC_WARN_UNUSED_VARIABLE = YES;
				IPHONEOS_DEPLOYMENT_TARGET = 10.1;
				MTL_ENABLE_DEBUG_INFO = YES;
				ONLY_ACTIVE_ARCH = YES;
				SDKROOT = iphoneos;
				SWIFT_ACTIVE_COMPILATION_CONDITIONS = DEBUG;
				SWIFT_OPTIMIZATION_LEVEL = "-Onone";
				TARGETED_DEVICE_FAMILY = "1,2";
			};
			name = Debug;
		};
		887C1A291DCFC5FE008DC4F1 /* Release */ = {
			isa = XCBuildConfiguration;
			buildSettings = {
				ALWAYS_SEARCH_USER_PATHS = NO;
				CLANG_ANALYZER_NONNULL = YES;
				CLANG_CXX_LANGUAGE_STANDARD = "gnu++0x";
				CLANG_CXX_LIBRARY = "libc++";
				CLANG_ENABLE_MODULES = YES;
				CLANG_ENABLE_OBJC_ARC = YES;
				CLANG_WARN_BOOL_CONVERSION = YES;
				CLANG_WARN_CONSTANT_CONVERSION = YES;
				CLANG_WARN_DIRECT_OBJC_ISA_USAGE = YES_ERROR;
				CLANG_WARN_DOCUMENTATION_COMMENTS = YES;
				CLANG_WARN_EMPTY_BODY = YES;
				CLANG_WARN_ENUM_CONVERSION = YES;
				CLANG_WARN_INFINITE_RECURSION = YES;
				CLANG_WARN_INT_CONVERSION = YES;
				CLANG_WARN_OBJC_ROOT_CLASS = YES_ERROR;
				CLANG_WARN_SUSPICIOUS_MOVES = YES;
				CLANG_WARN_UNREACHABLE_CODE = YES;
				CLANG_WARN__DUPLICATE_METHOD_MATCH = YES;
				"CODE_SIGN_IDENTITY[sdk=iphoneos*]" = "iPhone Developer";
				COPY_PHASE_STRIP = NO;
				DEBUG_INFORMATION_FORMAT = "dwarf-with-dsym";
				ENABLE_NS_ASSERTIONS = NO;
				ENABLE_STRICT_OBJC_MSGSEND = YES;
				GCC_C_LANGUAGE_STANDARD = gnu99;
				GCC_NO_COMMON_BLOCKS = YES;
				GCC_WARN_64_TO_32_BIT_CONVERSION = YES;
				GCC_WARN_ABOUT_RETURN_TYPE = YES_ERROR;
				GCC_WARN_UNDECLARED_SELECTOR = YES;
				GCC_WARN_UNINITIALIZED_AUTOS = YES_AGGRESSIVE;
				GCC_WARN_UNUSED_FUNCTION = YES;
				GCC_WARN_UNUSED_VARIABLE = YES;
				IPHONEOS_DEPLOYMENT_TARGET = 10.1;
				MTL_ENABLE_DEBUG_INFO = NO;
				SDKROOT = iphoneos;
				SWIFT_OPTIMIZATION_LEVEL = "-Owholemodule";
				TARGETED_DEVICE_FAMILY = "1,2";
				VALIDATE_PRODUCT = YES;
			};
			name = Release;
		};
		887C1A2B1DCFC5FE008DC4F1 /* Debug */ = {
			isa = XCBuildConfiguration;
			buildSettings = {
				ASSETCATALOG_COMPILER_APPICON_NAME = AppIcon;
				INFOPLIST_FILE = DojoMaps/Info.plist;
				LD_RUNPATH_SEARCH_PATHS = "$(inherited) @executable_path/Frameworks";
				PRODUCT_BUNDLE_IDENTIFIER = com.codingdojo.DojoMaps;
				PRODUCT_NAME = "$(TARGET_NAME)";
				SWIFT_VERSION = 3.0;
			};
			name = Debug;
		};
		887C1A2C1DCFC5FE008DC4F1 /* Release */ = {
			isa = XCBuildConfiguration;
			buildSettings = {
				ASSETCATALOG_COMPILER_APPICON_NAME = AppIcon;
				INFOPLIST_FILE = DojoMaps/Info.plist;
				LD_RUNPATH_SEARCH_PATHS = "$(inherited) @executable_path/Frameworks";
				PRODUCT_BUNDLE_IDENTIFIER = com.codingdojo.DojoMaps;
				PRODUCT_NAME = "$(TARGET_NAME)";
				SWIFT_VERSION = 3.0;
			};
			name = Release;
		};
/* End XCBuildConfiguration section */

/* Begin XCConfigurationList section */
		887C1A101DCFC5FE008DC4F1 /* Build configuration list for PBXProject "DojoMaps" */ = {
			isa = XCConfigurationList;
			buildConfigurations = (
				887C1A281DCFC5FE008DC4F1 /* Debug */,
				887C1A291DCFC5FE008DC4F1 /* Release */,
			);
			defaultConfigurationIsVisible = 0;
			defaultConfigurationName = Release;
		};
		887C1A2A1DCFC5FE008DC4F1 /* Build configuration list for PBXNativeTarget "DojoMaps" */ = {
			isa = XCConfigurationList;
			buildConfigurations = (
				887C1A2B1DCFC5FE008DC4F1 /* Debug */,
				887C1A2C1DCFC5FE008DC4F1 /* Release */,
			);
			defaultConfigurationIsVisible = 0;
		};
/* End XCConfigurationList section */

/* Begin XCVersionGroup section */
		887C1A1F1DCFC5FE008DC4F1 /* DojoMaps.xcdatamodeld */ = {
			isa = XCVersionGroup;
			children = (
				887C1A201DCFC5FE008DC4F1 /* DojoMaps.xcdatamodel */,
			);
			currentVersion = 887C1A201DCFC5FE008DC4F1 /* DojoMaps.xcdatamodel */;
			path = DojoMaps.xcdatamodeld;
			sourceTree = "<group>";
			versionGroupType = wrapper.xcdatamodel;
		};
/* End XCVersionGroup section */
	};
	rootObject = 887C1A0D1DCFC5FE008DC4F1 /* Project object */;
}
